
Microsoft Visual Studio Solution File, Format Version 12.00
# Visual Studio Version 17
VisualStudioVersion = 17.9.34622.214
MinimumVisualStudioVersion = 10.0.40219.1
Project("{FAE04EC0-301F-11D3-BF4B-00C04F79EFBC}") = "NetAppWithVite", "NetAppWithVite\NetAppWithVite.csproj", "{CEEEF3BD-3371-4EF9-A1ED-64BC4DA6EF3A}"
EndProject
Global
	GlobalSection(SolutionConfigurationPlatforms) = preSolution
		Debug|Any CPU = Debug|Any CPU
		Release|Any CPU = Release|Any CPU
	EndGlobalSection
	GlobalSection(ProjectConfigurationPlatforms) = postSolution
		{CEEEF3BD-3371-4EF9-A1ED-64BC4DA6EF3A}.Debug|Any CPU.ActiveCfg = Debug|Any CPU
		{CEEEF3BD-3371-4EF9-A1ED-64BC4DA6EF3A}.Debug|Any CPU.Build.0 = Debug|Any CPU
		{CEEEF3BD-3371-4EF9-A1ED-64BC4DA6EF3A}.Release|Any CPU.ActiveCfg = Release|Any CPU
		{CEEEF3BD-3371-4EF9-A1ED-64BC4DA6EF3A}.Release|Any CPU.Build.0 = Release|Any CPU
	EndGlobalSection
	GlobalSection(SolutionProperties) = preSolution
		HideSolutionNode = FALSE
	EndGlobalSection
	GlobalSection(ExtensibilityGlobals) = postSolution
		SolutionGuid = {61CD7BA8-89F9-4451-9D0C-A790BD68C7D1}
	EndGlobalSection
EndGlobal
